
Microsoft Visual Studio Solution File, Format Version 12.00
# Visual Studio Version 17
VisualStudioVersion = 17.9.34728.123
MinimumVisualStudioVersion = 10.0.40219.1
Project("{9A19103F-16F7-4668-BE54-9A1E7A4F7556}") = "Desafio.API", "Desafio.API\Desafio.API.csproj", "{6E2710E0-F872-468A-B9AB-E6A4A6686AA3}"
EndProject
Project("{9A19103F-16F7-4668-BE54-9A1E7A4F7556}") = "Desafio.Consumer", "Desafio.Consumer\Desafio.Consumer.csproj", "{77B86DDF-0D22-41D5-AE77-FF831825A8D1}"
EndProject
Project("{9A19103F-16F7-4668-BE54-9A1E7A4F7556}") = "Desafio.Domain", "Desafio.Domain\Desafio.Domain.csproj", "{72890301-17BA-4238-9D39-E7F02C19A0A8}"
EndProject
Project("{9A19103F-16F7-4668-BE54-9A1E7A4F7556}") = "Desafio.Infrastructure", "Desafio.Infrastructure\Desafio.Infrastructure.csproj", "{64811BE8-F29A-4BAE-8DE3-52F7A43E9532}"
EndProject
Project("{9A19103F-16F7-4668-BE54-9A1E7A4F7556}") = "Desafio.Services", "Desafio.Services\Desafio.Services.csproj", "{D4A9C94E-FCB9-4CFB-8DDF-8A7ABC39A211}"
EndProject
Project("{9A19103F-16F7-4668-BE54-9A1E7A4F7556}") = "Testes", "Testes\Testes.csproj", "{C066208A-32D2-46A7-B564-5E06080BB30F}"
EndProject
Global
	GlobalSection(SolutionConfigurationPlatforms) = preSolution
		Debug|Any CPU = Debug|Any CPU
		Release|Any CPU = Release|Any CPU
	EndGlobalSection
	GlobalSection(ProjectConfigurationPlatforms) = postSolution
		{6E2710E0-F872-468A-B9AB-E6A4A6686AA3}.Debug|Any CPU.ActiveCfg = Debug|Any CPU
		{6E2710E0-F872-468A-B9AB-E6A4A6686AA3}.Debug|Any CPU.Build.0 = Debug|Any CPU
		{6E2710E0-F872-468A-B9AB-E6A4A6686AA3}.Release|Any CPU.ActiveCfg = Release|Any CPU
		{6E2710E0-F872-468A-B9AB-E6A4A6686AA3}.Release|Any CPU.Build.0 = Release|Any CPU
		{77B86DDF-0D22-41D5-AE77-FF831825A8D1}.Debug|Any CPU.ActiveCfg = Debug|Any CPU
		{77B86DDF-0D22-41D5-AE77-FF831825A8D1}.Debug|Any CPU.Build.0 = Debug|Any CPU
		{77B86DDF-0D22-41D5-AE77-FF831825A8D1}.Release|Any CPU.ActiveCfg = Release|Any CPU
		{77B86DDF-0D22-41D5-AE77-FF831825A8D1}.Release|Any CPU.Build.0 = Release|Any CPU
		{72890301-17BA-4238-9D39-E7F02C19A0A8}.Debug|Any CPU.ActiveCfg = Debug|Any CPU
		{72890301-17BA-4238-9D39-E7F02C19A0A8}.Debug|Any CPU.Build.0 = Debug|Any CPU
		{72890301-17BA-4238-9D39-E7F02C19A0A8}.Release|Any CPU.ActiveCfg = Release|Any CPU
		{72890301-17BA-4238-9D39-E7F02C19A0A8}.Release|Any CPU.Build.0 = Release|Any CPU
		{64811BE8-F29A-4BAE-8DE3-52F7A43E9532}.Debug|Any CPU.ActiveCfg = Debug|Any CPU
		{64811BE8-F29A-4BAE-8DE3-52F7A43E9532}.Debug|Any CPU.Build.0 = Debug|Any CPU
		{64811BE8-F29A-4BAE-8DE3-52F7A43E9532}.Release|Any CPU.ActiveCfg = Release|Any CPU
		{64811BE8-F29A-4BAE-8DE3-52F7A43E9532}.Release|Any CPU.Build.0 = Release|Any CPU
		{D4A9C94E-FCB9-4CFB-8DDF-8A7ABC39A211}.Debug|Any CPU.ActiveCfg = Debug|Any CPU
		{D4A9C94E-FCB9-4CFB-8DDF-8A7ABC39A211}.Debug|Any CPU.Build.0 = Debug|Any CPU
		{D4A9C94E-FCB9-4CFB-8DDF-8A7ABC39A211}.Release|Any CPU.ActiveCfg = Release|Any CPU
		{D4A9C94E-FCB9-4CFB-8DDF-8A7ABC39A211}.Release|Any CPU.Build.0 = Release|Any CPU
		{C066208A-32D2-46A7-B564-5E06080BB30F}.Debug|Any CPU.ActiveCfg = Debug|Any CPU
		{C066208A-32D2-46A7-B564-5E06080BB30F}.Debug|Any CPU.Build.0 = Debug|Any CPU
		{C066208A-32D2-46A7-B564-5E06080BB30F}.Release|Any CPU.ActiveCfg = Release|Any CPU
		{C066208A-32D2-46A7-B564-5E06080BB30F}.Release|Any CPU.Build.0 = Release|Any CPU
	EndGlobalSection
	GlobalSection(SolutionProperties) = preSolution
		HideSolutionNode = FALSE
	EndGlobalSection
	GlobalSection(ExtensibilityGlobals) = postSolution
		SolutionGuid = {85DFC43B-22A4-4504-9321-87FEFB7F3360}
	EndGlobalSection
EndGlobal
